Microsoft Visual Studio Solution File, Format Version 11.00
# Visual Studio 2008

Project("{D2DD9E3F-59AB-B1F8-636E-4F586383E4F6}") = "History Timeline", "Assembly-CSharp-firstpass-vs.csproj", "{946A705F-B3D8-441E-D25C-81E8C68B1B75}"
EndProject
Project("{D2DD9E3F-59AB-B1F8-636E-4F586383E4F6}") = "History Timeline", "Assembly-CSharp-Editor-vs.csproj", "{9197147D-4B09-DDEC-BF51-F5CDFB5F2A79}"
EndProject
Global
	GlobalSection(SolutionConfigurationPlatforms) = preSolution
		Debug|Any CPU = Debug|Any CPU
		Release|Any CPU = Release|Any CPU
	EndGlobalSection
	GlobalSection(ProjectConfigurationPlatforms) = postSolution
		{946A705F-B3D8-441E-D25C-81E8C68B1B75}.Debug|Any CPU.ActiveCfg = Debug|Any CPU
		{946A705F-B3D8-441E-D25C-81E8C68B1B75}.Debug|Any CPU.Build.0 = Debug|Any CPU
		{946A705F-B3D8-441E-D25C-81E8C68B1B75}.Release|Any CPU.ActiveCfg = Release|Any CPU
		{946A705F-B3D8-441E-D25C-81E8C68B1B75}.Release|Any CPU.Build.0 = Release|Any CPU
		{9197147D-4B09-DDEC-BF51-F5CDFB5F2A79}.Debug|Any CPU.ActiveCfg = Debug|Any CPU
		{9197147D-4B09-DDEC-BF51-F5CDFB5F2A79}.Debug|Any CPU.Build.0 = Debug|Any CPU
		{9197147D-4B09-DDEC-BF51-F5CDFB5F2A79}.Release|Any CPU.ActiveCfg = Release|Any CPU
		{9197147D-4B09-DDEC-BF51-F5CDFB5F2A79}.Release|Any CPU.Build.0 = Release|Any CPU
	EndGlobalSection
	GlobalSection(SolutionProperties) = preSolution
		HideSolutionNode = FALSE
	EndGlobalSection
																						GlobalSection(MonoDevelopProperties) = preSolution
		StartupItem = Assembly-CSharp.csproj
		Policies = $0
		$0.TextStylePolicy = $1
		$1.inheritsSet = null
		$1.scope = text/x-csharp
		$0.CSharpFormattingPolicy = $2
		$2.inheritsSet = Mono
		$2.inheritsScope = text/x-csharp
		$2.scope = text/x-csharp
		$0.TextStylePolicy = $3
		$3.FileWidth = 120
		$3.TabWidth = 4
		$3.IndentWidth = 4
		$3.EolMarker = Unix
		$3.inheritsSet = Mono
		$3.inheritsScope = text/plain
		$3.scope = text/plain
	EndGlobalSection

EndGlobal
